// !$*UTF8*$!
{
	archiveVersion = 1;
	classes = {
	};
	objectVersion = 48;
	objects = {

/* Begin PBXBuildFile section */
		CFDA39321F8203EC00314BBA /* AppDelegate.m in Sources */ = {isa = PBXBuildFile; fileRef = CFDA39311F8203EC00314BBA /* AppDelegate.m */; };
		CFDA393A1F8203EC00314BBA /* Assets.xcassets in Resources */ = {isa = PBXBuildFile; fileRef = CFDA39391F8203EC00314BBA /* Assets.xcassets */; };
		CFDA39401F8203EC00314BBA /* main.m in Sources */ = {isa = PBXBuildFile; fileRef = CFDA393F1F8203EC00314BBA /* main.m */; };
		CFDA394A1F8203EC00314BBA /* PZWBlogTests.m in Sources */ = {isa = PBXBuildFile; fileRef = CFDA39491F8203EC00314BBA /* PZWBlogTests.m */; };
		CFDA397C1F8205D700314BBA /* PZWBaseViewController.m in Sources */ = {isa = PBXBuildFile; fileRef = CFDA397B1F8205D700314BBA /* PZWBaseViewController.m */; };
		CFDA397F1F8205F400314BBA /* PZWTabbarController.m in Sources */ = {isa = PBXBuildFile; fileRef = CFDA397E1F8205F400314BBA /* PZWTabbarController.m */; };
		CFDA39821F82061800314BBA /* PZWNavigationController.m in Sources */ = {isa = PBXBuildFile; fileRef = CFDA39811F82061800314BBA /* PZWNavigationController.m */; };
		CFDA39851F82064700314BBA /* PZWHomeController.m in Sources */ = {isa = PBXBuildFile; fileRef = CFDA39841F82064700314BBA /* PZWHomeController.m */; };
		CFDA39881F82065600314BBA /* PZWDiscoverController.m in Sources */ = {isa = PBXBuildFile; fileRef = CFDA39871F82065600314BBA /* PZWDiscoverController.m */; };
		CFDA398B1F82066600314BBA /* PZWMessageController.m in Sources */ = {isa = PBXBuildFile; fileRef = CFDA398A1F82066600314BBA /* PZWMessageController.m */; };
		CFDA398E1F82067700314BBA /* PZWProfileController.m in Sources */ = {isa = PBXBuildFile; fileRef = CFDA398D1F82067700314BBA /* PZWProfileController.m */; };
/* End PBXBuildFile section */

/* Begin PBXContainerItemProxy section */
		CFDA39461F8203EC00314BBA /* PBXContainerItemProxy */ = {
			isa = PBXContainerItemProxy;
			containerPortal = CFDA39251F8203EC00314BBA /* Project object */;
			proxyType = 1;
			remoteGlobalIDString = CFDA392C1F8203EC00314BBA;
			remoteInfo = PZWBlog;
		};
/* End PBXContainerItemProxy section */

/* Begin PBXFileReference section */
		CFDA392D1F8203EC00314BBA /* PZWBlog.app */ = {isa = PBXFileReference; explicitFileType = wrapper.application; includeInIndex = 0; path = PZWBlog.app; sourceTree = BUILT_PRODUCTS_DIR; };
		CFDA39301F8203EC00314BBA /* AppDelegate.h */ = {isa = PBXFileReference; lastKnownFileType = sourcecode.c.h; path = AppDelegate.h; sourceTree = "<group>"; };
		CFDA39311F8203EC00314BBA /* AppDelegate.m */ = {isa = PBXFileReference; lastKnownFileType = sourcecode.c.objc; path = AppDelegate.m; sourceTree = "<group>"; };
		CFDA39391F8203EC00314BBA /* Assets.xcassets */ = {isa = PBXFileReference; lastKnownFileType = folder.assetcatalog; path = Assets.xcassets; sourceTree = "<group>"; };
		CFDA393E1F8203EC00314BBA /* Info.plist */ = {isa = PBXFileReference; lastKnownFileType = text.plist.xml; path = Info.plist; sourceTree = "<group>"; };
		CFDA393F1F8203EC00314BBA /* main.m */ = {isa = PBXFileReference; lastKnownFileType = sourcecode.c.objc; path = main.m; sourceTree = "<group>"; };
		CFDA39451F8203EC00314BBA /* PZWBlogTests.xctest */ = {isa = PBXFileReference; explicitFileType = wrapper.cfbundle; includeInIndex = 0; path = PZWBlogTests.xctest; sourceTree = BUILT_PRODUCTS_DIR; };
		CFDA39491F8203EC00314BBA /* PZWBlogTests.m */ = {isa = PBXFileReference; lastKnownFileType = sourcecode.c.objc; path = PZWBlogTests.m; sourceTree = "<group>"; };
		CFDA394B1F8203EC00314BBA /* Info.plist */ = {isa = PBXFileReference; lastKnownFileType = text.plist.xml; path = Info.plist; sourceTree = "<group>"; };
		CFDA395F1F82059400314BBA /* Addition.h */ = {isa = PBXFileReference; lastKnownFileType = sourcecode.c.h; path = Addition.h; sourceTree = "<group>"; };
		CFDA39601F82059400314BBA /* NSArray+Addition.h */ = {isa = PBXFileReference; lastKnownFileType = sourcecode.c.h; path = "NSArray+Addition.h"; sourceTree = "<group>"; };
		CFDA39611F82059400314BBA /* NSArray+Addition.m */ = {isa = PBXFileReference; lastKnownFileType = sourcecode.c.objc; path = "NSArray+Addition.m"; sourceTree = "<group>"; };
		CFDA39621F82059400314BBA /* NSArray+Log.h */ = {isa = PBXFileReference; lastKnownFileType = sourcecode.c.h; path = "NSArray+Log.h"; sourceTree = "<group>"; };
		CFDA39631F82059400314BBA /* NSArray+Log.m */ = {isa = PBXFileReference; lastKnownFileType = sourcecode.c.objc; path = "NSArray+Log.m"; sourceTree = "<group>"; };
		CFDA39641F82059400314BBA /* NSAttributedString+Additon.h */ = {isa = PBXFileReference; lastKnownFileType = sourcecode.c.h; path = "NSAttributedString+Additon.h"; sourceTree = "<group>"; };
		CFDA39651F82059400314BBA /* NSAttributedString+Additon.m */ = {isa = PBXFileReference; lastKnownFileType = sourcecode.c.objc; path = "NSAttributedString+Additon.m"; sourceTree = "<group>"; };
		CFDA39661F82059400314BBA /* NSObject+Addition.h */ = {isa = PBXFileReference; lastKnownFileType = sourcecode.c.h; path = "NSObject+Addition.h"; sourceTree = "<group>"; };
		CFDA39671F82059400314BBA /* NSObject+Addition.m */ = {isa = PBXFileReference; lastKnownFileType = sourcecode.c.objc; path = "NSObject+Addition.m"; sourceTree = "<group>"; };
		CFDA39681F82059400314BBA /* NSObject+Formula.h */ = {isa = PBXFileReference; lastKnownFileType = sourcecode.c.h; path = "NSObject+Formula.h"; sourceTree = "<group>"; };
		CFDA39691F82059400314BBA /* NSObject+Formula.m */ = {isa = PBXFileReference; lastKnownFileType = sourcecode.c.objc; path = "NSObject+Formula.m"; sourceTree = "<group>"; };
		CFDA396A1F82059400314BBA /* NSString+Hash.h */ = {isa = PBXFileReference; lastKnownFileType = sourcecode.c.h; path = "NSString+Hash.h"; sourceTree = "<group>"; };
		CFDA396B1F82059400314BBA /* NSString+Hash.m */ = {isa = PBXFileReference; lastKnownFileType = sourcecode.c.objc; path = "NSString+Hash.m"; sourceTree = "<group>"; };
		CFDA396C1F82059400314BBA /* NSString+path.h */ = {isa = PBXFileReference; lastKnownFileType = sourcecode.c.h; path = "NSString+path.h"; sourceTree = "<group>"; };
		CFDA396D1F82059400314BBA /* NSString+path.m */ = {isa = PBXFileReference; lastKnownFileType = sourcecode.c.objc; path = "NSString+path.m"; sourceTree = "<group>"; };
		CFDA396E1F82059400314BBA /* UIButton+Addition.h */ = {isa = PBXFileReference; lastKnownFileType = sourcecode.c.h; path = "UIButton+Addition.h"; sourceTree = "<group>"; };
		CFDA396F1F82059400314BBA /* UIButton+Addition.m */ = {isa = PBXFileReference; lastKnownFileType = sourcecode.c.objc; path = "UIButton+Addition.m"; sourceTree = "<group>"; };
		CFDA39701F82059400314BBA /* UIColor+Addition.h */ = {isa = PBXFileReference; lastKnownFileType = sourcecode.c.h; path = "UIColor+Addition.h"; sourceTree = "<group>"; };
		CFDA39711F82059400314BBA /* UIColor+Addition.m */ = {isa = PBXFileReference; lastKnownFileType = sourcecode.c.objc; path = "UIColor+Addition.m"; sourceTree = "<group>"; };
		CFDA39721F82059400314BBA /* UIImage+Additions.h */ = {isa = PBXFileReference; lastKnownFileType = sourcecode.c.h; path = "UIImage+Additions.h"; sourceTree = "<group>"; };
		CFDA39731F82059400314BBA /* UIImage+Additions.m */ = {isa = PBXFileReference; lastKnownFileType = sourcecode.c.objc; path = "UIImage+Additions.m"; sourceTree = "<group>"; };
		CFDA39741F82059400314BBA /* UIImage+Blur.h */ = {isa = PBXFileReference; lastKnownFileType = sourcecode.c.h; path = "UIImage+Blur.h"; sourceTree = "<group>"; };
		CFDA39751F82059400314BBA /* UIImage+Blur.m */ = {isa = PBXFileReference; lastKnownFileType = sourcecode.c.objc; path = "UIImage+Blur.m"; sourceTree = "<group>"; };
		CFDA39761F82059400314BBA /* UILabel+Addition.h */ = {isa = PBXFileReference; lastKnownFileType = sourcecode.c.h; path = "UILabel+Addition.h"; sourceTree = "<group>"; };
		CFDA39771F82059400314BBA /* UILabel+Addition.m */ = {isa = PBXFileReference; lastKnownFileType = sourcecode.c.objc; path = "UILabel+Addition.m"; sourceTree = "<group>"; };
		CFDA39781F82059400314BBA /* UIView+Addition.h */ = {isa = PBXFileReference; lastKnownFileType = sourcecode.c.h; path = "UIView+Addition.h"; sourceTree = "<group>"; };
		CFDA39791F82059400314BBA /* UIView+Addition.m */ = {isa = PBXFileReference; lastKnownFileType = sourcecode.c.objc; path = "UIView+Addition.m"; sourceTree = "<group>"; };
		CFDA397A1F8205D700314BBA /* PZWBaseViewController.h */ = {isa = PBXFileReference; lastKnownFileType = sourcecode.c.h; path = PZWBaseViewController.h; sourceTree = "<group>"; };
		CFDA397B1F8205D700314BBA /* PZWBaseViewController.m */ = {isa = PBXFileReference; lastKnownFileType = sourcecode.c.objc; path = PZWBaseViewController.m; sourceTree = "<group>"; };
		CFDA397D1F8205F400314BBA /* PZWTabbarController.h */ = {isa = PBXFileReference; lastKnownFileType = sourcecode.c.h; path = PZWTabbarController.h; sourceTree = "<group>"; };
		CFDA397E1F8205F400314BBA /* PZWTabbarController.m */ = {isa = PBXFileReference; lastKnownFileType = sourcecode.c.objc; path = PZWTabbarController.m; sourceTree = "<group>"; };
		CFDA39801F82061800314BBA /* PZWNavigationController.h */ = {isa = PBXFileReference; lastKnownFileType = sourcecode.c.h; path = PZWNavigationController.h; sourceTree = "<group>"; };
		CFDA39811F82061800314BBA /* PZWNavigationController.m */ = {isa = PBXFileReference; lastKnownFileType = sourcecode.c.objc; path = PZWNavigationController.m; sourceTree = "<group>"; };
		CFDA39831F82064700314BBA /* PZWHomeController.h */ = {isa = PBXFileReference; lastKnownFileType = sourcecode.c.h; path = PZWHomeController.h; sourceTree = "<group>"; };
		CFDA39841F82064700314BBA /* PZWHomeController.m */ = {isa = PBXFileReference; lastKnownFileType = sourcecode.c.objc; path = PZWHomeController.m; sourceTree = "<group>"; };
		CFDA39861F82065600314BBA /* PZWDiscoverController.h */ = {isa = PBXFileReference; lastKnownFileType = sourcecode.c.h; path = PZWDiscoverController.h; sourceTree = "<group>"; };
		CFDA39871F82065600314BBA /* PZWDiscoverController.m */ = {isa = PBXFileReference; lastKnownFileType = sourcecode.c.objc; path = PZWDiscoverController.m; sourceTree = "<group>"; };
		CFDA39891F82066600314BBA /* PZWMessageController.h */ = {isa = PBXFileReference; lastKnownFileType = sourcecode.c.h; path = PZWMessageController.h; sourceTree = "<group>"; };
		CFDA398A1F82066600314BBA /* PZWMessageController.m */ = {isa = PBXFileReference; lastKnownFileType = sourcecode.c.objc; path = PZWMessageController.m; sourceTree = "<group>"; };
		CFDA398C1F82067700314BBA /* PZWProfileController.h */ = {isa = PBXFileReference; lastKnownFileType = sourcecode.c.h; path = PZWProfileController.h; sourceTree = "<group>"; };
		CFDA398D1F82067700314BBA /* PZWProfileController.m */ = {isa = PBXFileReference; lastKnownFileType = sourcecode.c.objc; path = PZWProfileController.m; sourceTree = "<group>"; };
/* End PBXFileReference section */

/* Begin PBXFrameworksBuildPhase section */
		CFDA392A1F8203EC00314BBA /* Frameworks */ = {
			isa = PBXFrameworksBuildPhase;
			buildActionMask = 2147483647;
			files = (
			);
			runOnlyForDeploymentPostprocessing = 0;
		};
		CFDA39421F8203EC00314BBA /* Frameworks */ = {
			isa = PBXFrameworksBuildPhase;
			buildActionMask = 2147483647;
			files = (
			);
			runOnlyForDeploymentPostprocessing = 0;
		};
/* End PBXFrameworksBuildPhase section */

/* Begin PBXGroup section */
		CFDA39241F8203EC00314BBA = {
			isa = PBXGroup;
			children = (
				CFDA392F1F8203EC00314BBA /* PZWBlog */,
				CFDA39481F8203EC00314BBA /* PZWBlogTests */,
				CFDA392E1F8203EC00314BBA /* Products */,
			);
			sourceTree = "<group>";
		};
		CFDA392E1F8203EC00314BBA /* Products */ = {
			isa = PBXGroup;
			children = (
				CFDA392D1F8203EC00314BBA /* PZWBlog.app */,
				CFDA39451F8203EC00314BBA /* PZWBlogTests.xctest */,
			);
			name = Products;
			sourceTree = "<group>";
		};
		CFDA392F1F8203EC00314BBA /* PZWBlog */ = {
			isa = PBXGroup;
			children = (
				CFDA39301F8203EC00314BBA /* AppDelegate.h */,
				CFDA39311F8203EC00314BBA /* AppDelegate.m */,
				CFDA39541F82057000314BBA /* Classes */,
				CFDA39391F8203EC00314BBA /* Assets.xcassets */,
				CFDA393E1F8203EC00314BBA /* Info.plist */,
				CFDA393F1F8203EC00314BBA /* main.m */,
			);
			path = PZWBlog;
			sourceTree = "<group>";
		};
		CFDA39481F8203EC00314BBA /* PZWBlogTests */ = {
			isa = PBXGroup;
			children = (
				CFDA39491F8203EC00314BBA /* PZWBlogTests.m */,
				CFDA394B1F8203EC00314BBA /* Info.plist */,
			);
			path = PZWBlogTests;
			sourceTree = "<group>";
		};
		CFDA39541F82057000314BBA /* Classes */ = {
			isa = PBXGroup;
			children = (
				CFDA39571F82057000314BBA /* View */,
				CFDA39551F82057000314BBA /* Model */,
				CFDA395D1F82057000314BBA /* ViewModel */,
				CFDA39561F82057000314BBA /* Tools */,
			);
			path = Classes;
			sourceTree = "<group>";
		};
		CFDA39551F82057000314BBA /* Model */ = {
			isa = PBXGroup;
			children = (
			);
			path = Model;
			sourceTree = "<group>";
		};
		CFDA39561F82057000314BBA /* Tools */ = {
			isa = PBXGroup;
			children = (
				CFDA395E1F82059400314BBA /* Common */,
			);
			path = Tools;
			sourceTree = "<group>";
		};
		CFDA39571F82057000314BBA /* View */ = {
			isa = PBXGroup;
			children = (
				CFDA395A1F82057000314BBA /* Main */,
				CFDA39591F82057000314BBA /* Home */,
				CFDA39581F82057000314BBA /* Discover */,
				CFDA395B1F82057000314BBA /* Message */,
				CFDA395C1F82057000314BBA /* Profile */,
			);
			path = View;
			sourceTree = "<group>";
		};
		CFDA39581F82057000314BBA /* Discover */ = {
			isa = PBXGroup;
			children = (
				CFDA39861F82065600314BBA /* PZWDiscoverController.h */,
				CFDA39871F82065600314BBA /* PZWDiscoverController.m */,
			);
			path = Discover;
			sourceTree = "<group>";
		};
		CFDA39591F82057000314BBA /* Home */ = {
			isa = PBXGroup;
			children = (
				CFDA39831F82064700314BBA /* PZWHomeController.h */,
				CFDA39841F82064700314BBA /* PZWHomeController.m */,
			);
			path = Home;
			sourceTree = "<group>";
		};
		CFDA395A1F82057000314BBA /* Main */ = {
			isa = PBXGroup;
			children = (
				CFDA397A1F8205D700314BBA /* PZWBaseViewController.h */,
				CFDA397B1F8205D700314BBA /* PZWBaseViewController.m */,
				CFDA397D1F8205F400314BBA /* PZWTabbarController.h */,
				CFDA397E1F8205F400314BBA /* PZWTabbarController.m */,
				CFDA39801F82061800314BBA /* PZWNavigationController.h */,
				CFDA39811F82061800314BBA /* PZWNavigationController.m */,
			);
			path = Main;
			sourceTree = "<group>";
		};
		CFDA395B1F82057000314BBA /* Message */ = {
			isa = PBXGroup;
			children = (
				CFDA39891F82066600314BBA /* PZWMessageController.h */,
				CFDA398A1F82066600314BBA /* PZWMessageController.m */,
			);
			path = Message;
			sourceTree = "<group>";
		};
		CFDA395C1F82057000314BBA /* Profile */ = {
			isa = PBXGroup;
			children = (
				CFDA398C1F82067700314BBA /* PZWProfileController.h */,
				CFDA398D1F82067700314BBA /* PZWProfileController.m */,
			);
			path = Profile;
			sourceTree = "<group>";
		};
		CFDA395D1F82057000314BBA /* ViewModel */ = {
			isa = PBXGroup;
			children = (
			);
			path = ViewModel;
			sourceTree = "<group>";
		};
		CFDA395E1F82059400314BBA /* Common */ = {
			isa = PBXGroup;
			children = (
				CFDA395F1F82059400314BBA /* Addition.h */,
				CFDA39601F82059400314BBA /* NSArray+Addition.h */,
				CFDA39611F82059400314BBA /* NSArray+Addition.m */,
				CFDA39621F82059400314BBA /* NSArray+Log.h */,
				CFDA39631F82059400314BBA /* NSArray+Log.m */,
				CFDA39641F82059400314BBA /* NSAttributedString+Additon.h */,
				CFDA39651F82059400314BBA /* NSAttributedString+Additon.m */,
				CFDA39661F82059400314BBA /* NSObject+Addition.h */,
				CFDA39671F82059400314BBA /* NSObject+Addition.m */,
				CFDA39681F82059400314BBA /* NSObject+Formula.h */,
				CFDA39691F82059400314BBA /* NSObject+Formula.m */,
				CFDA396A1F82059400314BBA /* NSString+Hash.h */,
				CFDA396B1F82059400314BBA /* NSString+Hash.m */,
				CFDA396C1F82059400314BBA /* NSString+path.h */,
				CFDA396D1F82059400314BBA /* NSString+path.m */,
				CFDA396E1F82059400314BBA /* UIButton+Addition.h */,
				CFDA396F1F82059400314BBA /* UIButton+Addition.m */,
				CFDA39701F82059400314BBA /* UIColor+Addition.h */,
				CFDA39711F82059400314BBA /* UIColor+Addition.m */,
				CFDA39721F82059400314BBA /* UIImage+Additions.h */,
				CFDA39731F82059400314BBA /* UIImage+Additions.m */,
				CFDA39741F82059400314BBA /* UIImage+Blur.h */,
				CFDA39751F82059400314BBA /* UIImage+Blur.m */,
				CFDA39761F82059400314BBA /* UILabel+Addition.h */,
				CFDA39771F82059400314BBA /* UILabel+Addition.m */,
				CFDA39781F82059400314BBA /* UIView+Addition.h */,
				CFDA39791F82059400314BBA /* UIView+Addition.m */,
			);
			path = Common;
			sourceTree = "<group>";
		};
/* End PBXGroup section */

/* Begin PBXNativeTarget section */
		CFDA392C1F8203EC00314BBA /* PZWBlog */ = {
			isa = PBXNativeTarget;
			buildConfigurationList = CFDA394E1F8203EC00314BBA /* Build configuration list for PBXNativeTarget "PZWBlog" */;
			buildPhases = (
				CFDA39291F8203EC00314BBA /* Sources */,
				CFDA392A1F8203EC00314BBA /* Frameworks */,
				CFDA392B1F8203EC00314BBA /* Resources */,
			);
			buildRules = (
			);
			dependencies = (
			);
			name = PZWBlog;
			productName = PZWBlog;
			productReference = CFDA392D1F8203EC00314BBA /* PZWBlog.app */;
			productType = "com.apple.product-type.application";
		};
		CFDA39441F8203EC00314BBA /* PZWBlogTests */ = {
			isa = PBXNativeTarget;
			buildConfigurationList = CFDA39511F8203EC00314BBA /* Build configuration list for PBXNativeTarget "PZWBlogTests" */;
			buildPhases = (
				CFDA39411F8203EC00314BBA /* Sources */,
				CFDA39421F8203EC00314BBA /* Frameworks */,
				CFDA39431F8203EC00314BBA /* Resources */,
			);
			buildRules = (
			);
			dependencies = (
				CFDA39471F8203EC00314BBA /* PBXTargetDependency */,
			);
			name = PZWBlogTests;
			productName = PZWBlogTests;
			productReference = CFDA39451F8203EC00314BBA /* PZWBlogTests.xctest */;
			productType = "com.apple.product-type.bundle.unit-test";
		};
/* End PBXNativeTarget section */

/* Begin PBXProject section */
		CFDA39251F8203EC00314BBA /* Project object */ = {
			isa = PBXProject;
			attributes = {
				LastUpgradeCheck = 0900;
				ORGANIZATIONNAME = "Zhuangwei PENG";
				TargetAttributes = {
					CFDA392C1F8203EC00314BBA = {
						CreatedOnToolsVersion = 9.0;
						ProvisioningStyle = Automatic;
					};
					CFDA39441F8203EC00314BBA = {
						CreatedOnToolsVersion = 9.0;
						ProvisioningStyle = Automatic;
						TestTargetID = CFDA392C1F8203EC00314BBA;
					};
				};
			};
			buildConfigurationList = CFDA39281F8203EC00314BBA /* Build configuration list for PBXProject "PZWBlog" */;
			compatibilityVersion = "Xcode 8.0";
			developmentRegion = en;
			hasScannedForEncodings = 0;
			knownRegions = (
				en,
				Base,
			);
			mainGroup = CFDA39241F8203EC00314BBA;
			productRefGroup = CFDA392E1F8203EC00314BBA /* Products */;
			projectDirPath = "";
			projectRoot = "";
			targets = (
				CFDA392C1F8203EC00314BBA /* PZWBlog */,
				CFDA39441F8203EC00314BBA /* PZWBlogTests */,
			);
		};
/* End PBXProject section */

/* Begin PBXResourcesBuildPhase section */
		CFDA392B1F8203EC00314BBA /* Resources */ = {
			isa = PBXResourcesBuildPhase;
			buildActionMask = 2147483647;
			files = (
				CFDA393A1F8203EC00314BBA /* Assets.xcassets in Resources */,
			);
			runOnlyForDeploymentPostprocessing = 0;
		};
		CFDA39431F8203EC00314BBA /* Resources */ = {
			isa = PBXResourcesBuildPhase;
			buildActionMask = 2147483647;
			files = (
			);
			runOnlyForDeploymentPostprocessing = 0;
		};
/* End PBXResourcesBuildPhase section */

/* Begin PBXSourcesBuildPhase section */
		CFDA39291F8203EC00314BBA /* Sources */ = {
			isa = PBXSourcesBuildPhase;
			buildActionMask = 2147483647;
			files = (
				CFDA39821F82061800314BBA /* PZWNavigationController.m in Sources */,
				CFDA39401F8203EC00314BBA /* main.m in Sources */,
				CFDA397F1F8205F400314BBA /* PZWTabbarController.m in Sources */,
				CFDA398B1F82066600314BBA /* PZWMessageController.m in Sources */,
				CFDA398E1F82067700314BBA /* PZWProfileController.m in Sources */,
				CFDA39321F8203EC00314BBA /* AppDelegate.m in Sources */,
				CFDA39881F82065600314BBA /* PZWDiscoverController.m in Sources */,
				CFDA39851F82064700314BBA /* PZWHomeController.m in Sources */,
				CFDA397C1F8205D700314BBA /* PZWBaseViewController.m in Sources */,
			);
			runOnlyForDeploymentPostprocessing = 0;
		};
		CFDA39411F8203EC00314BBA /* Sources */ = {
			isa = PBXSourcesBuildPhase;
			buildActionMask = 2147483647;
			files = (
				CFDA394A1F8203EC00314BBA /* PZWBlogTests.m in Sources */,
			);
			runOnlyForDeploymentPostprocessing = 0;
		};
/* End PBXSourcesBuildPhase section */

/* Begin PBXTargetDependency section */
		CFDA39471F8203EC00314BBA /* PBXTargetDependency */ = {
			isa = PBXTargetDependency;
			target = CFDA392C1F8203EC00314BBA /* PZWBlog */;
			targetProxy = CFDA39461F8203EC00314BBA /* PBXContainerItemProxy */;
		};
/* End PBXTargetDependency section */

/* Begin XCBuildConfiguration section */
		CFDA394C1F8203EC00314BBA /* Debug */ = {
			isa = XCBuildConfiguration;
			buildSettings = {
				ALWAYS_SEARCH_USER_PATHS = NO;
				CLANG_ANALYZER_NONNULL = YES;
				CLANG_ANALYZER_NUMBER_OBJECT_CONVERSION = YES_AGGRESSIVE;
				CLANG_CXX_LANGUAGE_STANDARD = "gnu++14";
				CLANG_CXX_LIBRARY = "libc++";
				CLANG_ENABLE_MODULES = YES;
				CLANG_ENABLE_OBJC_ARC = YES;
				CLANG_WARN_BLOCK_CAPTURE_AUTORELEASING = YES;
				CLANG_WARN_BOOL_CONVERSION = YES;
				CLANG_WARN_COMMA = YES;
				CLANG_WARN_CONSTANT_CONVERSION = YES;
				CLANG_WARN_DIRECT_OBJC_ISA_USAGE = YES_ERROR;
				CLANG_WARN_DOCUMENTATION_COMMENTS = YES;
				CLANG_WARN_EMPTY_BODY = YES;
				CLANG_WARN_ENUM_CONVERSION = YES;
				CLANG_WARN_INFINITE_RECURSION = YES;
				CLANG_WARN_INT_CONVERSION = YES;
				CLANG_WARN_NON_LITERAL_NULL_CONVERSION = YES;
				CLANG_WARN_OBJC_LITERAL_CONVERSION = YES;
				CLANG_WARN_OBJC_ROOT_CLASS = YES_ERROR;
				CLANG_WARN_RANGE_LOOP_ANALYSIS = YES;
				CLANG_WARN_STRICT_PROTOTYPES = YES;
				CLANG_WARN_SUSPICIOUS_MOVE = YES;
				CLANG_WARN_UNGUARDED_AVAILABILITY = YES_AGGRESSIVE;
				CLANG_WARN_UNREACHABLE_CODE = YES;
				CLANG_WARN__DUPLICATE_METHOD_MATCH = YES;
				CODE_SIGN_IDENTITY = "iPhone Developer";
				COPY_PHASE_STRIP = NO;
				DEBUG_INFORMATION_FORMAT = dwarf;
				ENABLE_STRICT_OBJC_MSGSEND = YES;
				ENABLE_TESTABILITY = YES;
				GCC_C_LANGUAGE_STANDARD = gnu11;
				GCC_DYNAMIC_NO_PIC = NO;
				GCC_NO_COMMON_BLOCKS = YES;
				GCC_OPTIMIZATION_LEVEL = 0;
				GCC_PREPROCESSOR_DEFINITIONS = (
					"DEBUG=1",
					"$(inherited)",
				);
				GCC_WARN_64_TO_32_BIT_CONVERSION = YES;
				GCC_WARN_ABOUT_RETURN_TYPE = YES_ERROR;
				GCC_WARN_UNDECLARED_SELECTOR = YES;
				GCC_WARN_UNINITIALIZED_AUTOS = YES_AGGRESSIVE;
				GCC_WARN_UNUSED_FUNCTION = YES;
				GCC_WARN_UNUSED_VARIABLE = YES;
				IPHONEOS_DEPLOYMENT_TARGET = 11.0;
				MTL_ENABLE_DEBUG_INFO = YES;
				ONLY_ACTIVE_ARCH = YES;
				SDKROOT = iphoneos;
			};
			name = Debug;
		};
		CFDA394D1F8203EC00314BBA /* Release */ = {
			isa = XCBuildConfiguration;
			buildSettings = {
				ALWAYS_SEARCH_USER_PATHS = NO;
				CLANG_ANALYZER_NONNULL = YES;
				CLANG_ANALYZER_NUMBER_OBJECT_CONVERSION = YES_AGGRESSIVE;
				CLANG_CXX_LANGUAGE_STANDARD = "gnu++14";
				CLANG_CXX_LIBRARY = "libc++";
				CLANG_ENABLE_MODULES = YES;
				CLANG_ENABLE_OBJC_ARC = YES;
				CLANG_WARN_BLOCK_CAPTURE_AUTORELEASING = YES;
				CLANG_WARN_BOOL_CONVERSION = YES;
				CLANG_WARN_COMMA = YES;
				CLANG_WARN_CONSTANT_CONVERSION = YES;
				CLANG_WARN_DIRECT_OBJC_ISA_USAGE = YES_ERROR;
				CLANG_WARN_DOCUMENTATION_COMMENTS = YES;
				CLANG_WARN_EMPTY_BODY = YES;
				CLANG_WARN_ENUM_CONVERSION = YES;
				CLANG_WARN_INFINITE_RECURSION = YES;
				CLANG_WARN_INT_CONVERSION = YES;
				CLANG_WARN_NON_LITERAL_NULL_CONVERSION = YES;
				CLANG_WARN_OBJC_LITERAL_CONVERSION = YES;
				CLANG_WARN_OBJC_ROOT_CLASS = YES_ERROR;
				CLANG_WARN_RANGE_LOOP_ANALYSIS = YES;
				CLANG_WARN_STRICT_PROTOTYPES = YES;
				CLANG_WARN_SUSPICIOUS_MOVE = YES;
				CLANG_WARN_UNGUARDED_AVAILABILITY = YES_AGGRESSIVE;
				CLANG_WARN_UNREACHABLE_CODE = YES;
				CLANG_WARN__DUPLICATE_METHOD_MATCH = YES;
				CODE_SIGN_IDENTITY = "iPhone Developer";
				COPY_PHASE_STRIP = NO;
				DEBUG_INFORMATION_FORMAT = "dwarf-with-dsym";
				ENABLE_NS_ASSERTIONS = NO;
				ENABLE_STRICT_OBJC_MSGSEND = YES;
				GCC_C_LANGUAGE_STANDARD = gnu11;
				GCC_NO_COMMON_BLOCKS = YES;
				GCC_WARN_64_TO_32_BIT_CONVERSION = YES;
				GCC_WARN_ABOUT_RETURN_TYPE = YES_ERROR;
				GCC_WARN_UNDECLARED_SELECTOR = YES;
				GCC_WARN_UNINITIALIZED_AUTOS = YES_AGGRESSIVE;
				GCC_WARN_UNUSED_FUNCTION = YES;
				GCC_WARN_UNUSED_VARIABLE = YES;
				IPHONEOS_DEPLOYMENT_TARGET = 11.0;
				MTL_ENABLE_DEBUG_INFO = NO;
				SDKROOT = iphoneos;
				VALIDATE_PRODUCT = YES;
			};
			name = Release;
		};
		CFDA394F1F8203EC00314BBA /* Debug */ = {
			isa = XCBuildConfiguration;
			buildSettings = {
				ASSETCATALOG_COMPILER_APPICON_NAME = AppIcon;
				ASSETCATALOG_COMPILER_LAUNCHIMAGE_NAME = LaunchImage;
				CODE_SIGN_STYLE = Automatic;
				INFOPLIST_FILE = PZWBlog/Info.plist;
				IPHONEOS_DEPLOYMENT_TARGET = 8.0;
				LD_RUNPATH_SEARCH_PATHS = "$(inherited) @executable_path/Frameworks";
				PRODUCT_BUNDLE_IDENTIFIER = edu.self.PZWBlog;
				PRODUCT_NAME = "$(TARGET_NAME)";
				TARGETED_DEVICE_FAMILY = "1,2";
			};
			name = Debug;
		};
		CFDA39501F8203EC00314BBA /* Release */ = {
			isa = XCBuildConfiguration;
			buildSettings = {
				ASSETCATALOG_COMPILER_APPICON_NAME = AppIcon;
				ASSETCATALOG_COMPILER_LAUNCHIMAGE_NAME = LaunchImage;
				CODE_SIGN_STYLE = Automatic;
				INFOPLIST_FILE = PZWBlog/Info.plist;
				IPHONEOS_DEPLOYMENT_TARGET = 8.0;
				LD_RUNPATH_SEARCH_PATHS = "$(inherited) @executable_path/Frameworks";
				PRODUCT_BUNDLE_IDENTIFIER = edu.self.PZWBlog;
				PRODUCT_NAME = "$(TARGET_NAME)";
				TARGETED_DEVICE_FAMILY = "1,2";
			};
			name = Release;
		};
		CFDA39521F8203EC00314BBA /* Debug */ = {
			isa = XCBuildConfiguration;
			buildSettings = {
				BUNDLE_LOADER = "$(TEST_HOST)";
				CODE_SIGN_STYLE = Automatic;
				INFOPLIST_FILE = PZWBlogTests/Info.plist;
				LD_RUNPATH_SEARCH_PATHS = "$(inherited) @executable_path/Frameworks @loader_path/Frameworks";
				PRODUCT_BUNDLE_IDENTIFIER = edu.self.PZWBlogTests;
				PRODUCT_NAME = "$(TARGET_NAME)";
				TARGETED_DEVICE_FAMILY = "1,2";
				TEST_HOST = "$(BUILT_PRODUCTS_DIR)/PZWBlog.app/PZWBlog";
			};
			name = Debug;
		};
		CFDA39531F8203EC00314BBA /* Release */ = {
			isa = XCBuildConfiguration;
			buildSettings = {
				BUNDLE_LOADER = "$(TEST_HOST)";
				CODE_SIGN_STYLE = Automatic;
				INFOPLIST_FILE = PZWBlogTests/Info.plist;
				LD_RUNPATH_SEARCH_PATHS = "$(inherited) @executable_path/Frameworks @loader_path/Frameworks";
				PRODUCT_BUNDLE_IDENTIFIER = edu.self.PZWBlogTests;
				PRODUCT_NAME = "$(TARGET_NAME)";
				TARGETED_DEVICE_FAMILY = "1,2";
				TEST_HOST = "$(BUILT_PRODUCTS_DIR)/PZWBlog.app/PZWBlog";
			};
			name = Release;
		};
/* End XCBuildConfiguration section */

/* Begin XCConfigurationList section */
		CFDA39281F8203EC00314BBA /* Build configuration list for PBXProject "PZWBlog" */ = {
			isa = XCConfigurationList;
			buildConfigurations = (
				CFDA394C1F8203EC00314BBA /* Debug */,
				CFDA394D1F8203EC00314BBA /* Release */,
			);
			defaultConfigurationIsVisible = 0;
			defaultConfigurationName = Release;
		};
		CFDA394E1F8203EC00314BBA /* Build configuration list for PBXNativeTarget "PZWBlog" */ = {
			isa = XCConfigurationList;
			buildConfigurations = (
				CFDA394F1F8203EC00314BBA /* Debug */,
				CFDA39501F8203EC00314BBA /* Release */,
			);
			defaultConfigurationIsVisible = 0;
			defaultConfigurationName = Release;
		};
		CFDA39511F8203EC00314BBA /* Build configuration list for PBXNativeTarget "PZWBlogTests" */ = {
			isa = XCConfigurationList;
			buildConfigurations = (
				CFDA39521F8203EC00314BBA /* Debug */,
				CFDA39531F8203EC00314BBA /* Release */,
			);
			defaultConfigurationIsVisible = 0;
			defaultConfigurationName = Release;
		};
/* End XCConfigurationList section */
	};
	rootObject = CFDA39251F8203EC00314BBA /* Project object */;
}
